// !$*UTF8*$!
{
	archiveVersion = 1;
	classes = {
	};
	objectVersion = 46;
	objects = {

/* Begin PBXBuildFile section */
		0006AE6F1E41F09700EBF9CC /* AppDelegate.swift in Sources */ = {isa = PBXBuildFile; fileRef = 0006AE6E1E41F09700EBF9CC /* AppDelegate.swift */; };
		0006AE711E41F09700EBF9CC /* ViewController.swift in Sources */ = {isa = PBXBuildFile; fileRef = 0006AE701E41F09700EBF9CC /* ViewController.swift */; };
		0006AE741E41F09700EBF9CC /* Main.storyboard in Resources */ = {isa = PBXBuildFile; fileRef = 0006AE721E41F09700EBF9CC /* Main.storyboard */; };
		0006AE761E41F09700EBF9CC /* Assets.xcassets in Resources */ = {isa = PBXBuildFile; fileRef = 0006AE751E41F09700EBF9CC /* Assets.xcassets */; };
		0006AE791E41F09700EBF9CC /* LaunchScreen.storyboard in Resources */ = {isa = PBXBuildFile; fileRef = 0006AE771E41F09700EBF9CC /* LaunchScreen.storyboard */; };
		0006AE821E41FC8D00EBF9CC /* key.png in Resources */ = {isa = PBXBuildFile; fileRef = 0006AE801E41FC8D00EBF9CC /* key.png */; };
		0006AE831E41FC8D00EBF9CC /* setting.png in Resources */ = {isa = PBXBuildFile; fileRef = 0006AE811E41FC8D00EBF9CC /* setting.png */; };
		0006AE851E42037D00EBF9CC /* NextViewController.swift in Sources */ = {isa = PBXBuildFile; fileRef = 0006AE841E42037D00EBF9CC /* NextViewController.swift */; };
/* End PBXBuildFile section */

/* Begin PBXFileReference section */
		0006AE6B1E41F09700EBF9CC /* SwiftButton.app */ = {isa = PBXFileReference; explicitFileType = wrapper.application; includeInIndex = 0; path = SwiftButton.app; sourceTree = BUILT_PRODUCTS_DIR; };
		0006AE6E1E41F09700EBF9CC /* AppDelegate.swift */ = {isa = PBXFileReference; lastKnownFileType = sourcecode.swift; path = AppDelegate.swift; sourceTree = "<group>"; };
		0006AE701E41F09700EBF9CC /* ViewController.swift */ = {isa = PBXFileReference; lastKnownFileType = sourcecode.swift; path = ViewController.swift; sourceTree = "<group>"; };
		0006AE731E41F09700EBF9CC /* Base */ = {isa = PBXFileReference; lastKnownFileType = file.storyboard; name = Base; path = Base.lproj/Main.storyboard; sourceTree = "<group>"; };
		0006AE751E41F09700EBF9CC /* Assets.xcassets */ = {isa = PBXFileReference; lastKnownFileType = folder.assetcatalog; path = Assets.xcassets; sourceTree = "<group>"; };
		0006AE781E41F09700EBF9CC /* Base */ = {isa = PBXFileReference; lastKnownFileType = file.storyboard; name = Base; path = Base.lproj/LaunchScreen.storyboard; sourceTree = "<group>"; };
		0006AE7A1E41F09700EBF9CC /* Info.plist */ = {isa = PBXFileReference; lastKnownFileType = text.plist.xml; path = Info.plist; sourceTree = "<group>"; };
		0006AE801E41FC8D00EBF9CC /* key.png */ = {isa = PBXFileReference; lastKnownFileType = image.png; path = key.png; sourceTree = "<group>"; };
		0006AE811E41FC8D00EBF9CC /* setting.png */ = {isa = PBXFileReference; lastKnownFileType = image.png; path = setting.png; sourceTree = "<group>"; };
		0006AE841E42037D00EBF9CC /* NextViewController.swift */ = {isa = PBXFileReference; fileEncoding = 4; lastKnownFileType = sourcecode.swift; path = NextViewController.swift; sourceTree = "<group>"; };
/* End PBXFileReference section */

/* Begin PBXFrameworksBuildPhase section */
		0006AE681E41F09700EBF9CC /* Frameworks */ = {
			isa = PBXFrameworksBuildPhase;
			buildActionMask = 2147483647;
			files = (
			);
			runOnlyForDeploymentPostprocessing = 0;
		};
/* End PBXFrameworksBuildPhase section */

/* Begin PBXGroup section */
		0006AE621E41F09700EBF9CC = {
			isa = PBXGroup;
			children = (
				0006AE6D1E41F09700EBF9CC /* SwiftButton */,
				0006AE6C1E41F09700EBF9CC /* Products */,
			);
			sourceTree = "<group>";
		};
		0006AE6C1E41F09700EBF9CC /* Products */ = {
			isa = PBXGroup;
			children = (
				0006AE6B1E41F09700EBF9CC /* SwiftButton.app */,
			);
			name = Products;
			sourceTree = "<group>";
		};
		0006AE6D1E41F09700EBF9CC /* SwiftButton */ = {
			isa = PBXGroup;
			children = (
				0006AE801E41FC8D00EBF9CC /* key.png */,
				0006AE811E41FC8D00EBF9CC /* setting.png */,
				0006AE6E1E41F09700EBF9CC /* AppDelegate.swift */,
				0006AE701E41F09700EBF9CC /* ViewController.swift */,
				0006AE841E42037D00EBF9CC /* NextViewController.swift */,
				0006AE721E41F09700EBF9CC /* Main.storyboard */,
				0006AE751E41F09700EBF9CC /* Assets.xcassets */,
				0006AE771E41F09700EBF9CC /* LaunchScreen.storyboard */,
				0006AE7A1E41F09700EBF9CC /* Info.plist */,
			);
			path = SwiftButton;
			sourceTree = "<group>";
		};
/* End PBXGroup section */

/* Begin PBXNativeTarget section */
		0006AE6A1E41F09700EBF9CC /* SwiftButton */ = {
			isa = PBXNativeTarget;
			buildConfigurationList = 0006AE7D1E41F09700EBF9CC /* Build configuration list for PBXNativeTarget "SwiftButton" */;
			buildPhases = (
				0006AE671E41F09700EBF9CC /* Sources */,
				0006AE681E41F09700EBF9CC /* Frameworks */,
				0006AE691E41F09700EBF9CC /* Resources */,
			);
			buildRules = (
			);
			dependencies = (
			);
			name = SwiftButton;
			productName = SwiftButton;
			productReference = 0006AE6B1E41F09700EBF9CC /* SwiftButton.app */;
			productType = "com.apple.product-type.application";
		};
/* End PBXNativeTarget section */

/* Begin PBXProject section */
		0006AE631E41F09700EBF9CC /* Project object */ = {
			isa = PBXProject;
			attributes = {
				LastSwiftUpdateCheck = 0820;
				LastUpgradeCheck = 0820;
				ORGANIZATIONNAME = "Takafumi Sato";
				TargetAttributes = {
					0006AE6A1E41F09700EBF9CC = {
						CreatedOnToolsVersion = 8.2.1;
						DevelopmentTeam = SJ5QE3KLR4;
						ProvisioningStyle = Automatic;
					};
				};
			};
			buildConfigurationList = 0006AE661E41F09700EBF9CC /* Build configuration list for PBXProject "SwiftButton" */;
			compatibilityVersion = "Xcode 3.2";
			developmentRegion = English;
			hasScannedForEncodings = 0;
			knownRegions = (
				en,
				Base,
			);
			mainGroup = 0006AE621E41F09700EBF9CC;
			productRefGroup = 0006AE6C1E41F09700EBF9CC /* Products */;
			projectDirPath = "";
			projectRoot = "";
			targets = (
				0006AE6A1E41F09700EBF9CC /* SwiftButton */,
			);
		};
/* End PBXProject section */

/* Begin PBXResourcesBuildPhase section */
		0006AE691E41F09700EBF9CC /* Resources */ = {
			isa = PBXResourcesBuildPhase;
			buildActionMask = 2147483647;
			files = (
				0006AE791E41F09700EBF9CC /* LaunchScreen.storyboard in Resources */,
				0006AE761E41F09700EBF9CC /* Assets.xcassets in Resources */,
				0006AE741E41F09700EBF9CC /* Main.storyboard in Resources */,
				0006AE831E41FC8D00EBF9CC /* setting.png in Resources */,
				0006AE821E41FC8D00EBF9CC /* key.png in Resources */,
			);
			runOnlyForDeploymentPostprocessing = 0;
		};
/* End PBXResourcesBuildPhase section */

/* Begin PBXSourcesBuildPhase section */
		0006AE671E41F09700EBF9CC /* Sources */ = {
			isa = PBXSourcesBuildPhase;
			buildActionMask = 2147483647;
			files = (
				0006AE711E41F09700EBF9CC /* ViewController.swift in Sources */,
				0006AE851E42037D00EBF9CC /* NextViewController.swift in Sources */,
				0006AE6F1E41F09700EBF9CC /* AppDelegate.swift in Sources */,
			);
			runOnlyForDeploymentPostprocessing = 0;
		};
/* End PBXSourcesBuildPhase section */

/* Begin PBXVariantGroup section */
		0006AE721E41F09700EBF9CC /* Main.storyboard */ = {
			isa = PBXVariantGroup;
			children = (
				0006AE731E41F09700EBF9CC /* Base */,
			);
			name = Main.storyboard;
			sourceTree = "<group>";
		};
		0006AE771E41F09700EBF9CC /* LaunchScreen.storyboard */ = {
			isa = PBXVariantGroup;
			children = (
				0006AE781E41F09700EBF9CC /* Base */,
			);
			name = LaunchScreen.storyboard;
			sourceTree = "<group>";
		};
/* End PBXVariantGroup section */

/* Begin XCBuildConfiguration section */
		0006AE7B1E41F09700EBF9CC /* Debug */ = {
			isa = XCBuildConfiguration;
			buildSettings = {
				ALWAYS_SEARCH_USER_PATHS = NO;
				CLANG_ANALYZER_NONNULL = YES;
				CLANG_CXX_LANGUAGE_STANDARD = "gnu++0x";
				CLANG_CXX_LIBRARY = "libc++";
				CLANG_ENABLE_MODULES = YES;
				CLANG_ENABLE_OBJC_ARC = YES;
				CLANG_WARN_BOOL_CONVERSION = YES;
				CLANG_WARN_CONSTANT_CONVERSION = YES;
				CLANG_WARN_DIRECT_OBJC_ISA_USAGE = YES_ERROR;
				CLANG_WARN_DOCUMENTATION_COMMENTS = YES;
				CLANG_WARN_EMPTY_BODY = YES;
				CLANG_WARN_ENUM_CONVERSION = YES;
				CLANG_WARN_INFINITE_RECURSION = YES;
				CLANG_WARN_INT_CONVERSION = YES;
				CLANG_WARN_OBJC_ROOT_CLASS = YES_ERROR;
				CLANG_WARN_SUSPICIOUS_MOVE = YES;
				CLANG_WARN_UNREACHABLE_CODE = YES;
				CLANG_WARN__DUPLICATE_METHOD_MATCH = YES;
				"CODE_SIGN_IDENTITY[sdk=iphoneos*]" = "iPhone Developer";
				COPY_PHASE_STRIP = NO;
				DEBUG_INFORMATION_FORMAT = dwarf;
				ENABLE_STRICT_OBJC_MSGSEND = YES;
				ENABLE_TESTABILITY = YES;
				GCC_C_LANGUAGE_STANDARD = gnu99;
				GCC_DYNAMIC_NO_PIC = NO;
				GCC_NO_COMMON_BLOCKS = YES;
				GCC_OPTIMIZATION_LEVEL = 0;
				GCC_PREPROCESSOR_DEFINITIONS = (
					"DEBUG=1",
					"$(inherited)",
				);
				GCC_WARN_64_TO_32_BIT_CONVERSION = YES;
				GCC_WARN_ABOUT_RETURN_TYPE = YES_ERROR;
				GCC_WARN_UNDECLARED_SELECTOR = YES;
				GCC_WARN_UNINITIALIZED_AUTOS = YES_AGGRESSIVE;
				GCC_WARN_UNUSED_FUNCTION = YES;
				GCC_WARN_UNUSED_VARIABLE = YES;
				IPHONEOS_DEPLOYMENT_TARGET = 10.2;
				MTL_ENABLE_DEBUG_INFO = YES;
				ONLY_ACTIVE_ARCH = YES;
				SDKROOT = iphoneos;
				SWIFT_ACTIVE_COMPILATION_CONDITIONS = DEBUG;
				SWIFT_OPTIMIZATION_LEVEL = "-Onone";
			};
			name = Debug;
		};
		0006AE7C1E41F09700EBF9CC /* Release */ = {
			isa = XCBuildConfiguration;
			buildSettings = {
				ALWAYS_SEARCH_USER_PATHS = NO;
				CLANG_ANALYZER_NONNULL = YES;
				CLANG_CXX_LANGUAGE_STANDARD = "gnu++0x";
				CLANG_CXX_LIBRARY = "libc++";
				CLANG_ENABLE_MODULES = YES;
				CLANG_ENABLE_OBJC_ARC = YES;
				CLANG_WARN_BOOL_CONVERSION = YES;
				CLANG_WARN_CONSTANT_CONVERSION = YES;
				CLANG_WARN_DIRECT_OBJC_ISA_USAGE = YES_ERROR;
				CLANG_WARN_DOCUMENTATION_COMMENTS = YES;
				CLANG_WARN_EMPTY_BODY = YES;
				CLANG_WARN_ENUM_CONVERSION = YES;
				CLANG_WARN_INFINITE_RECURSION = YES;
				CLANG_WARN_INT_CONVERSION = YES;
				CLANG_WARN_OBJC_ROOT_CLASS = YES_ERROR;
				CLANG_WARN_SUSPICIOUS_MOVE = YES;
				CLANG_WARN_UNREACHABLE_CODE = YES;
				CLANG_WARN__DUPLICATE_METHOD_MATCH = YES;
				"CODE_SIGN_IDENTITY[sdk=iphoneos*]" = "iPhone Developer";
				COPY_PHASE_STRIP = NO;
				DEBUG_INFORMATION_FORMAT = "dwarf-with-dsym";
				ENABLE_NS_ASSERTIONS = NO;
				ENABLE_STRICT_OBJC_MSGSEND = YES;
				GCC_C_LANGUAGE_STANDARD = gnu99;
				GCC_NO_COMMON_BLOCKS = YES;
				GCC_WARN_64_TO_32_BIT_CONVERSION = YES;
				GCC_WARN_ABOUT_RETURN_TYPE = YES_ERROR;
				GCC_WARN_UNDECLARED_SELECTOR = YES;
				GCC_WARN_UNINITIALIZED_AUTOS = YES_AGGRESSIVE;
				GCC_WARN_UNUSED_FUNCTION = YES;
				GCC_WARN_UNUSED_VARIABLE = YES;
				IPHONEOS_DEPLOYMENT_TARGET = 10.2;
				MTL_ENABLE_DEBUG_INFO = NO;
				SDKROOT = iphoneos;
				SWIFT_OPTIMIZATION_LEVEL = "-Owholemodule";
				VALIDATE_PRODUCT = YES;
			};
			name = Release;
		};
		0006AE7E1E41F09700EBF9CC /* Debug */ = {
			isa = XCBuildConfiguration;
			buildSettings = {
				ASSETCATALOG_COMPILER_APPICON_NAME = AppIcon;
				DEVELOPMENT_TEAM = SJ5QE3KLR4;
				INFOPLIST_FILE = SwiftButton/Info.plist;
				LD_RUNPATH_SEARCH_PATHS = "$(inherited) @executable_path/Frameworks";
				PRODUCT_BUNDLE_IDENTIFIER = com.fumimi.SwiftButton;
				PRODUCT_NAME = "$(TARGET_NAME)";
				SWIFT_VERSION = 3.0;
			};
			name = Debug;
		};
		0006AE7F1E41F09700EBF9CC /* Release */ = {
			isa = XCBuildConfiguration;
			buildSettings = {
				ASSETCATALOG_COMPILER_APPICON_NAME = AppIcon;
				DEVELOPMENT_TEAM = SJ5QE3KLR4;
				INFOPLIST_FILE = SwiftButton/Info.plist;
				LD_RUNPATH_SEARCH_PATHS = "$(inherited) @executable_path/Frameworks";
				PRODUCT_BUNDLE_IDENTIFIER = com.fumimi.SwiftButton;
				PRODUCT_NAME = "$(TARGET_NAME)";
				SWIFT_VERSION = 3.0;
			};
			name = Release;
		};
/* End XCBuildConfiguration section */

/* Begin XCConfigurationList section */
		0006AE661E41F09700EBF9CC /* Build configuration list for PBXProject "SwiftButton" */ = {
			isa = XCConfigurationList;
			buildConfigurations = (
				0006AE7B1E41F09700EBF9CC /* Debug */,
				0006AE7C1E41F09700EBF9CC /* Release */,
			);
			defaultConfigurationIsVisible = 0;
			defaultConfigurationName = Release;
		};
		0006AE7D1E41F09700EBF9CC /* Build configuration list for PBXNativeTarget "SwiftButton" */ = {
			isa = XCConfigurationList;
			buildConfigurations = (
				0006AE7E1E41F09700EBF9CC /* Debug */,
				0006AE7F1E41F09700EBF9CC /* Release */,
			);
			defaultConfigurationIsVisible = 0;
		};
/* End XCConfigurationList section */
	};
	rootObject = 0006AE631E41F09700EBF9CC /* Project object */;
}
